{
  "lockfileVersion": 1,
  "configVersion": 1,
  "workspaces": {
    "": {
      "name": "realtime-surface-old-sdk",
      "dependencies": {
        "supabase-js-2-90": "npm:@supabase/supabase-js@2.90.0",
      },
    },
  },
  "packages": {
    "@supabase/auth-js": ["@supabase/auth-js@2.90.0", "", { "dependencies": { "tslib": "2.8.1" } }, "sha512-J5Jgr1XE86NpK0LX8yLdjv3NzzsUnGky72QIGR1AcdVXHQIhwjb3JFEjNutODNKyOrknx00lyClOvqooHFHIiw=="],

    "@supabase/functions-js": ["@supabase/functions-js@2.90.0", "", { "dependencies": { "tslib": "2.8.1" } }, "sha512-YEk4AVtdaUzjxhil2GemOjq0VQVQfg8LmPyooJt80lNscQHfDyCGmHeQ6pDI48dkICTE87V7KVrlXaVGCZa1Rw=="],

    "@supabase/postgrest-js": ["@supabase/postgrest-js@2.90.0", "", { "dependencies": { "tslib": "2.8.1" } }, "sha512-XCgrXuGtBPgxQWKfS8tZ4/deK5+cgUW+XLl4zq4v7JRUfCHlc3ZewZid5hjcpAIDYwGWq9ihrfPUNDAfl5jDdg=="],

    "@supabase/realtime-js": ["@supabase/realtime-js@2.90.0", "", { "dependencies": { "@types/phoenix": "^1.6.6", "@types/ws": "^8.18.1", "tslib": "2.8.1", "ws": "^8.18.2" } }, "sha512-Hncs2Obk2Wd4Mcj51XDtLqOuiDT6onSmpHkwjsaLDZylgLi4uN81W4LYhj+rdPm3A9nQIRB4/5SZ3Hab2Adlsg=="],

    "@supabase/storage-js": ["@supabase/storage-js@2.90.0", "", { "dependencies": { "iceberg-js": "^0.8.1", "tslib": "2.8.1" } }, "sha512-50XiDACfHXhibm20J94TEdOYMLXm4fZCHTdAAs9xBDJTBA4RXVN52Bx1MVW34pu3S72rAgObQxVyAFaZ+7+7Tg=="],

    "@types/node": ["@types/node@26.6.5", "", { "dependencies": { "undici-types": "~8.9.0" } }, "sha512-uMzsv9stDdofIZBx4UGh4Z9ZgXnGC9seRDscilBcTHAeOFk67MZg/k9bWVfO+bk4qZmG+l52hRnLwUiH2LnJTg=="],

    "@types/phoenix": ["@types/phoenix@1.6.7", "", {}, "sha512-oN9ive//QSBkf19rfDv45M7eZPi0eEXylht2OLEXicu5b4KoQ1OzXIw+xDSGWxSxe1JmepRR/ZH283vsu518/Q=="],

    "@types/ws": ["@types/ws@8.18.2", "", { "dependencies": { "@types/node": "*" } }, "sha512-67MQl+fpWKVTT1NYdnmo3U4sc/xPo/zQBncVnI74qmQa0z/b+1g6iYqNmGCPbxO+zz2aklb08a0oHfegiVd0/w=="],

    "iceberg-js": ["iceberg-js@0.8.1", "", {}, "sha512-1dhVQZXhcHje7798IVM+xoo/1ZdVfzOMIc8/rgVSijRK38EDqOJoGula9N/8ZI5RD8QTxNQtK/Gozpr+qUqRRA=="],

    "supabase-js-2-90": ["@supabase/supabase-js@2.90.0", "", { "dependencies": { "@supabase/auth-js": "2.90.0", "@supabase/functions-js": "2.90.0", "@supabase/postgrest-js": "2.90.0", "@supabase/realtime-js": "2.90.0", "@supabase/storage-js": "2.90.0" } }, "sha512-foWQl5x1+LuqT7qdnAoCDcKHTNBSaED+eSEOEmmpqXiQuCfJU2K0lDkfGm7PUBx/BDaw3tFObzuJyZtHDbrehA=="],

    "tslib": ["tslib@2.8.1", "", {}, "sha512-oJFu94HQb+KVduSUQL7wnpmqnfmLsOA/nAh6b6EH0wCEoK0/mPeXU6c3wKDV83MkOuHPRHtSXKKU99IBazS/2w=="],

    "undici-types": ["undici-types@8.9.0", "", {}, "sha512-KTDyRTYX8sWmKXAikPHHSyc63CRPETMctyjKFupcC6OBLXT3xsN0e9aF7m+mIXutFWpUXuedtowG7iLOzp0kQg=="],

    "ws": ["ws@8.22.0", "", { "peerDependencies": { "bufferutil": "^4.0.1", "utf-8-validate": ">=5.0.2" }, "optionalPeers": ["bufferutil", "utf-8-validate"] }, "sha512-Ydggc987+RO0AnWtZ/7Wq9FtNvcrL1b/RO0ud9mWjUPgDrsAAwQSF51sm2hm1XofbU/4jkpGEsLFsZZxU+1DOg=="],
  }
}
